
Microsoft Visual Studio Solution File, Format Version 12.00
# Visual Studio Version 16
VisualStudioVersion = 16.0.31129.286
MinimumVisualStudioVersion = 10.0.40219.1
Project("{9A19103F-16F7-4668-BE54-9A1E7A4F7556}") = "Consumer", "Consumer.csproj", "{BB6AF7F7-256F-4F32-963B-65FD47441A69}"
EndProject
Global
	GlobalSection(SolutionConfigurationPlatforms) = preSolution
		Debug|Any CPU = Debug|Any CPU
		Release|Any CPU = Release|Any CPU
	EndGlobalSection
	GlobalSection(ProjectConfigurationPlatforms) = postSolution
		{BB6AF7F7-256F-4F32-963B-65FD47441A69}.Debug|Any CPU.ActiveCfg = Debug|Any CPU
		{BB6AF7F7-256F-4F32-963B-65FD47441A69}.Debug|Any CPU.Build.0 = Debug|Any CPU
		{BB6AF7F7-256F-4F32-963B-65FD47441A69}.Release|Any CPU.ActiveCfg = Release|Any CPU
		{BB6AF7F7-256F-4F32-963B-65FD47441A69}.Release|Any CPU.Build.0 = Release|Any CPU
	EndGlobalSection
	GlobalSection(SolutionProperties) = preSolution
		HideSolutionNode = FALSE
	EndGlobalSection
	GlobalSection(ExtensibilityGlobals) = postSolution
		SolutionGuid = {7274925D-CBCB-4ED9-8C1A-AEAE753E4ACE}
	EndGlobalSection
EndGlobal
